{
  "lockfileVersion": 1,
  "configVersion": 1,
  "workspaces": {
    "": {
      "dependencies": {
        "qwen": "^0.0.0",
      },
    },
  },
  "packages": {
    "qwen": ["qwen@0.0.0", "", {}, "sha512-pRXCOg2qZva+QiJSlae+Nwx/AK+Abt2d5pu22U/rp3U5/5C9FOPG+FJ4EYG7Eed3cYCEipB0/xDS3o0XptFBKQ=="],
  }
}
